
Microsoft Visual Studio Solution File, Format Version 12.00
# Visual Studio Version 16
VisualStudioVersion = 16.0.30204.135
MinimumVisualStudioVersion = 10.0.40219.1
Project("{FAE04EC0-301F-11D3-BF4B-00C04F79EFBC}") = "XFCloudStorage.UWP", "XFCloudStorage\XFCloudStorage.UWP\XFCloudStorage.UWP.csproj", "{945C896F-AA95-4981-B9E4-E40168C77C69}"
EndProject
Project("{FAE04EC0-301F-11D3-BF4B-00C04F79EFBC}") = "XFCloudStorage.Android", "XFCloudStorage\XFCloudStorage.Android\XFCloudStorage.Android.csproj", "{9615448F-D63D-4EB6-B1DE-304561A505DF}"
EndProject
Project("{FAE04EC0-301F-11D3-BF4B-00C04F79EFBC}") = "XFCloudStorage.iOS", "XFCloudStorage\XFCloudStorage.iOS\XFCloudStorage.iOS.csproj", "{6F65B85B-2E1B-4A0D-A321-B3BD4979EB33}"
EndProject
Project("{FAE04EC0-301F-11D3-BF4B-00C04F79EFBC}") = "XFCloudStorage", "XFCloudStorage\XFCloudStorage\XFCloudStorage.csproj", "{FDBDB5EF-0F6D-4118-8503-E6F4051285A3}"
EndProject
Global
	GlobalSection(SolutionConfigurationPlatforms) = preSolution
		Debug|Any CPU = Debug|Any CPU
		Debug|ARM = Debug|ARM
		Debug|iPhone = Debug|iPhone
		Debug|iPhoneSimulator = Debug|iPhoneSimulator
		Debug|x64 = Debug|x64
		Debug|x86 = Debug|x86
		Release|Any CPU = Release|Any CPU
		Release|ARM = Release|ARM
		Release|iPhone = Release|iPhone
		Release|iPhoneSimulator = Release|iPhoneSimulator
		Release|x64 = Release|x64
		Release|x86 = Release|x86
	EndGlobalSection
	GlobalSection(ProjectConfigurationPlatforms) = postSolution
		{945C896F-AA95-4981-B9E4-E40168C77C69}.Debug|Any CPU.ActiveCfg = Debug|x86
		{945C896F-AA95-4981-B9E4-E40168C77C69}.Debug|Any CPU.Build.0 = Debug|x86
		{945C896F-AA95-4981-B9E4-E40168C77C69}.Debug|Any CPU.Deploy.0 = Debug|x86
		{945C896F-AA95-4981-B9E4-E40168C77C69}.Debug|ARM.ActiveCfg = Debug|ARM
		{945C896F-AA95-4981-B9E4-E40168C77C69}.Debug|ARM.Build.0 = Debug|ARM
		{945C896F-AA95-4981-B9E4-E40168C77C69}.Debug|ARM.Deploy.0 = Debug|ARM
		{945C896F-AA95-4981-B9E4-E40168C77C69}.Debug|iPhone.ActiveCfg = Debug|x86
		{945C896F-AA95-4981-B9E4-E40168C77C69}.Debug|iPhone.Build.0 = Debug|x86
		{945C896F-AA95-4981-B9E4-E40168C77C69}.Debug|iPhone.Deploy.0 = Debug|x86
		{945C896F-AA95-4981-B9E4-E40168C77C69}.Debug|iPhoneSimulator.ActiveCfg = Debug|x86
		{945C896F-AA95-4981-B9E4-E40168C77C69}.Debug|iPhoneSimulator.Build.0 = Debug|x86
		{945C896F-AA95-4981-B9E4-E40168C77C69}.Debug|iPhoneSimulator.Deploy.0 = Debug|x86
		{945C896F-AA95-4981-B9E4-E40168C77C69}.Debug|x64.ActiveCfg = Debug|x64
		{945C896F-AA95-4981-B9E4-E40168C77C69}.Debug|x64.Build.0 = Debug|x64
		{945C896F-AA95-4981-B9E4-E40168C77C69}.Debug|x64.Deploy.0 = Debug|x64
		{945C896F-AA95-4981-B9E4-E40168C77C69}.Debug|x86.ActiveCfg = Debug|x86
		{945C896F-AA95-4981-B9E4-E40168C77C69}.Debug|x86.Build.0 = Debug|x86
		{945C896F-AA95-4981-B9E4-E40168C77C69}.Debug|x86.Deploy.0 = Debug|x86
		{945C896F-AA95-4981-B9E4-E40168C77C69}.Release|Any CPU.ActiveCfg = Release|x86
		{945C896F-AA95-4981-B9E4-E40168C77C69}.Release|Any CPU.Build.0 = Release|x86
		{945C896F-AA95-4981-B9E4-E40168C77C69}.Release|Any CPU.Deploy.0 = Release|x86
		{945C896F-AA95-4981-B9E4-E40168C77C69}.Release|ARM.ActiveCfg = Release|ARM
		{945C896F-AA95-4981-B9E4-E40168C77C69}.Release|ARM.Build.0 = Release|ARM
		{945C896F-AA95-4981-B9E4-E40168C77C69}.Release|ARM.Deploy.0 = Release|ARM
		{945C896F-AA95-4981-B9E4-E40168C77C69}.Release|iPhone.ActiveCfg = Release|x86
		{945C896F-AA95-4981-B9E4-E40168C77C69}.Release|iPhone.Build.0 = Release|x86
		{945C896F-AA95-4981-B9E4-E40168C77C69}.Release|iPhone.Deploy.0 = Release|x86
		{945C896F-AA95-4981-B9E4-E40168C77C69}.Release|iPhoneSimulator.ActiveCfg = Release|x86
		{945C896F-AA95-4981-B9E4-E40168C77C69}.Release|iPhoneSimulator.Build.0 = Release|x86
		{945C896F-AA95-4981-B9E4-E40168C77C69}.Release|iPhoneSimulator.Deploy.0 = Release|x86
		{945C896F-AA95-4981-B9E4-E40168C77C69}.Release|x64.ActiveCfg = Release|x64
		{945C896F-AA95-4981-B9E4-E40168C77C69}.Release|x64.Build.0 = Release|x64
		{945C896F-AA95-4981-B9E4-E40168C77C69}.Release|x64.Deploy.0 = Release|x64
		{945C896F-AA95-4981-B9E4-E40168C77C69}.Release|x86.ActiveCfg = Release|x86
		{945C896F-AA95-4981-B9E4-E40168C77C69}.Release|x86.Build.0 = Release|x86
		{945C896F-AA95-4981-B9E4-E40168C77C69}.Release|x86.Deploy.0 = Release|x86
		{9615448F-D63D-4EB6-B1DE-304561A505DF}.Debug|Any CPU.ActiveCfg = Debug|Any CPU
		{9615448F-D63D-4EB6-B1DE-304561A505DF}.Debug|Any CPU.Build.0 = Debug|Any CPU
		{9615448F-D63D-4EB6-B1DE-304561A505DF}.Debug|Any CPU.Deploy.0 = Debug|Any CPU
		{9615448F-D63D-4EB6-B1DE-304561A505DF}.Debug|ARM.ActiveCfg = Debug|Any CPU
		{9615448F-D63D-4EB6-B1DE-304561A505DF}.Debug|ARM.Build.0 = Debug|Any CPU
		{9615448F-D63D-4EB6-B1DE-304561A505DF}.Debug|ARM.Deploy.0 = Debug|Any CPU
		{9615448F-D63D-4EB6-B1DE-304561A505DF}.Debug|iPhone.ActiveCfg = Debug|Any CPU
		{9615448F-D63D-4EB6-B1DE-304561A505DF}.Debug|iPhone.Build.0 = Debug|Any CPU
		{9615448F-D63D-4EB6-B1DE-304561A505DF}.Debug|iPhone.Deploy.0 = Debug|Any CPU
		{9615448F-D63D-4EB6-B1DE-304561A505DF}.Debug|iPhoneSimulator.ActiveCfg = Debug|Any CPU
		{9615448F-D63D-4EB6-B1DE-304561A505DF}.Debug|iPhoneSimulator.Build.0 = Debug|Any CPU
		{9615448F-D63D-4EB6-B1DE-304561A505DF}.Debug|iPhoneSimulator.Deploy.0 = Debug|Any CPU
		{9615448F-D63D-4EB6-B1DE-304561A505DF}.Debug|x64.ActiveCfg = Debug|Any CPU
		{9615448F-D63D-4EB6-B1DE-304561A505DF}.Debug|x64.Build.0 = Debug|Any CPU
		{9615448F-D63D-4EB6-B1DE-304561A505DF}.Debug|x64.Deploy.0 = Debug|Any CPU
		{9615448F-D63D-4EB6-B1DE-304561A505DF}.Debug|x86.ActiveCfg = Debug|Any CPU
		{9615448F-D63D-4EB6-B1DE-304561A505DF}.Debug|x86.Build.0 = Debug|Any CPU
		{9615448F-D63D-4EB6-B1DE-304561A505DF}.Debug|x86.Deploy.0 = Debug|Any CPU
		{9615448F-D63D-4EB6-B1DE-304561A505DF}.Release|Any CPU.ActiveCfg = Release|Any CPU
		{9615448F-D63D-4EB6-B1DE-304561A505DF}.Release|Any CPU.Build.0 = Release|Any CPU
		{9615448F-D63D-4EB6-B1DE-304561A505DF}.Release|Any CPU.Deploy.0 = Release|Any CPU
		{9615448F-D63D-4EB6-B1DE-304561A505DF}.Release|ARM.ActiveCfg = Release|Any CPU
		{9615448F-D63D-4EB6-B1DE-304561A505DF}.Release|ARM.Build.0 = Release|Any CPU
		{9615448F-D63D-4EB6-B1DE-304561A505DF}.Release|ARM.Deploy.0 = Release|Any CPU
		{9615448F-D63D-4EB6-B1DE-304561A505DF}.Release|iPhone.ActiveCfg = Release|Any CPU
		{9615448F-D63D-4EB6-B1DE-304561A505DF}.Release|iPhone.Build.0 = Release|Any CPU
		{9615448F-D63D-4EB6-B1DE-304561A505DF}.Release|iPhone.Deploy.0 = Release|Any CPU
		{9615448F-D63D-4EB6-B1DE-304561A505DF}.Release|iPhoneSimulator.ActiveCfg = Release|Any CPU
		{9615448F-D63D-4EB6-B1DE-304561A505DF}.Release|iPhoneSimulator.Build.0 = Release|Any CPU
		{9615448F-D63D-4EB6-B1DE-304561A505DF}.Release|iPhoneSimulator.Deploy.0 = Release|Any CPU
		{9615448F-D63D-4EB6-B1DE-304561A505DF}.Release|x64.ActiveCfg = Release|Any CPU
		{9615448F-D63D-4EB6-B1DE-304561A505DF}.Release|x64.Build.0 = Release|Any CPU
		{9615448F-D63D-4EB6-B1DE-304561A505DF}.Release|x64.Deploy.0 = Release|Any CPU
		{9615448F-D63D-4EB6-B1DE-304561A505DF}.Release|x86.ActiveCfg = Release|Any CPU
		{9615448F-D63D-4EB6-B1DE-304561A505DF}.Release|x86.Build.0 = Release|Any CPU
		{9615448F-D63D-4EB6-B1DE-304561A505DF}.Release|x86.Deploy.0 = Release|Any CPU
		{6F65B85B-2E1B-4A0D-A321-B3BD4979EB33}.Debug|Any CPU.ActiveCfg = Debug|iPhone
		{6F65B85B-2E1B-4A0D-A321-B3BD4979EB33}.Debug|Any CPU.Build.0 = Debug|iPhone
		{6F65B85B-2E1B-4A0D-A321-B3BD4979EB33}.Debug|Any CPU.Deploy.0 = Debug|iPhone
		{6F65B85B-2E1B-4A0D-A321-B3BD4979EB33}.Debug|ARM.ActiveCfg = Debug|iPhone
		{6F65B85B-2E1B-4A0D-A321-B3BD4979EB33}.Debug|ARM.Build.0 = Debug|iPhone
		{6F65B85B-2E1B-4A0D-A321-B3BD4979EB33}.Debug|ARM.Deploy.0 = Debug|iPhone
		{6F65B85B-2E1B-4A0D-A321-B3BD4979EB33}.Debug|iPhone.ActiveCfg = Debug|iPhone
		{6F65B85B-2E1B-4A0D-A321-B3BD4979EB33}.Debug|iPhone.Build.0 = Debug|iPhone
		{6F65B85B-2E1B-4A0D-A321-B3BD4979EB33}.Debug|iPhone.Deploy.0 = Debug|iPhone
		{6F65B85B-2E1B-4A0D-A321-B3BD4979EB33}.Debug|iPhoneSimulator.ActiveCfg = Debug|iPhoneSimulator
		{6F65B85B-2E1B-4A0D-A321-B3BD4979EB33}.Debug|iPhoneSimulator.Build.0 = Debug|iPhoneSimulator
		{6F65B85B-2E1B-4A0D-A321-B3BD4979EB33}.Debug|iPhoneSimulator.Deploy.0 = Debug|iPhoneSimulator
		{6F65B85B-2E1B-4A0D-A321-B3BD4979EB33}.Debug|x64.ActiveCfg = Debug|iPhone
		{6F65B85B-2E1B-4A0D-A321-B3BD4979EB33}.Debug|x64.Build.0 = Debug|iPhone
		{6F65B85B-2E1B-4A0D-A321-B3BD4979EB33}.Debug|x64.Deploy.0 = Debug|iPhone
		{6F65B85B-2E1B-4A0D-A321-B3BD4979EB33}.Debug|x86.ActiveCfg = Debug|iPhone
		{6F65B85B-2E1B-4A0D-A321-B3BD4979EB33}.Debug|x86.Build.0 = Debug|iPhone
		{6F65B85B-2E1B-4A0D-A321-B3BD4979EB33}.Debug|x86.Deploy.0 = Debug|iPhone
		{6F65B85B-2E1B-4A0D-A321-B3BD4979EB33}.Release|Any CPU.ActiveCfg = Release|iPhone
		{6F65B85B-2E1B-4A0D-A321-B3BD4979EB33}.Release|Any CPU.Build.0 = Release|iPhone
		{6F65B85B-2E1B-4A0D-A321-B3BD4979EB33}.Release|Any CPU.Deploy.0 = Release|iPhone
		{6F65B85B-2E1B-4A0D-A321-B3BD4979EB33}.Release|ARM.ActiveCfg = Release|iPhone
		{6F65B85B-2E1B-4A0D-A321-B3BD4979EB33}.Release|ARM.Build.0 = Release|iPhone
		{6F65B85B-2E1B-4A0D-A321-B3BD4979EB33}.Release|ARM.Deploy.0 = Release|iPhone
		{6F65B85B-2E1B-4A0D-A321-B3BD4979EB33}.Release|iPhone.ActiveCfg = Release|iPhone
		{6F65B85B-2E1B-4A0D-A321-B3BD4979EB33}.Release|iPhone.Build.0 = Release|iPhone
		{6F65B85B-2E1B-4A0D-A321-B3BD4979EB33}.Release|iPhone.Deploy.0 = Release|iPhone
		{6F65B85B-2E1B-4A0D-A321-B3BD4979EB33}.Release|iPhoneSimulator.ActiveCfg = Release|iPhoneSimulator
		{6F65B85B-2E1B-4A0D-A321-B3BD4979EB33}.Release|iPhoneSimulator.Build.0 = Release|iPhoneSimulator
		{6F65B85B-2E1B-4A0D-A321-B3BD4979EB33}.Release|iPhoneSimulator.Deploy.0 = Release|iPhoneSimulator
		{6F65B85B-2E1B-4A0D-A321-B3BD4979EB33}.Release|x64.ActiveCfg = Release|iPhone
		{6F65B85B-2E1B-4A0D-A321-B3BD4979EB33}.Release|x64.Build.0 = Release|iPhone
		{6F65B85B-2E1B-4A0D-A321-B3BD4979EB33}.Release|x64.Deploy.0 = Release|iPhone
		{6F65B85B-2E1B-4A0D-A321-B3BD4979EB33}.Release|x86.ActiveCfg = Release|iPhone
		{6F65B85B-2E1B-4A0D-A321-B3BD4979EB33}.Release|x86.Build.0 = Release|iPhone
		{6F65B85B-2E1B-4A0D-A321-B3BD4979EB33}.Release|x86.Deploy.0 = Release|iPhone
		{FDBDB5EF-0F6D-4118-8503-E6F4051285A3}.Debug|Any CPU.ActiveCfg = Debug|Any CPU
		{FDBDB5EF-0F6D-4118-8503-E6F4051285A3}.Debug|Any CPU.Build.0 = Debug|Any CPU
		{FDBDB5EF-0F6D-4118-8503-E6F4051285A3}.Debug|Any CPU.Deploy.0 = Debug|Any CPU
		{FDBDB5EF-0F6D-4118-8503-E6F4051285A3}.Debug|ARM.ActiveCfg = Debug|Any CPU
		{FDBDB5EF-0F6D-4118-8503-E6F4051285A3}.Debug|ARM.Build.0 = Debug|Any CPU
		{FDBDB5EF-0F6D-4118-8503-E6F4051285A3}.Debug|ARM.Deploy.0 = Debug|Any CPU
		{FDBDB5EF-0F6D-4118-8503-E6F4051285A3}.Debug|iPhone.ActiveCfg = Debug|Any CPU
		{FDBDB5EF-0F6D-4118-8503-E6F4051285A3}.Debug|iPhone.Build.0 = Debug|Any CPU
		{FDBDB5EF-0F6D-4118-8503-E6F4051285A3}.Debug|iPhone.Deploy.0 = Debug|Any CPU
		{FDBDB5EF-0F6D-4118-8503-E6F4051285A3}.Debug|iPhoneSimulator.ActiveCfg = Debug|Any CPU
		{FDBDB5EF-0F6D-4118-8503-E6F4051285A3}.Debug|iPhoneSimulator.Build.0 = Debug|Any CPU
		{FDBDB5EF-0F6D-4118-8503-E6F4051285A3}.Debug|iPhoneSimulator.Deploy.0 = Debug|Any CPU
		{FDBDB5EF-0F6D-4118-8503-E6F4051285A3}.Debug|x64.ActiveCfg = Debug|Any CPU
		{FDBDB5EF-0F6D-4118-8503-E6F4051285A3}.Debug|x64.Build.0 = Debug|Any CPU
		{FDBDB5EF-0F6D-4118-8503-E6F4051285A3}.Debug|x64.Deploy.0 = Debug|Any CPU
		{FDBDB5EF-0F6D-4118-8503-E6F4051285A3}.Debug|x86.ActiveCfg = Debug|Any CPU
		{FDBDB5EF-0F6D-4118-8503-E6F4051285A3}.Debug|x86.Build.0 = Debug|Any CPU
		{FDBDB5EF-0F6D-4118-8503-E6F4051285A3}.Debug|x86.Deploy.0 = Debug|Any CPU
		{FDBDB5EF-0F6D-4118-8503-E6F4051285A3}.Release|Any CPU.ActiveCfg = Release|Any CPU
		{FDBDB5EF-0F6D-4118-8503-E6F4051285A3}.Release|Any CPU.Build.0 = Release|Any CPU
		{FDBDB5EF-0F6D-4118-8503-E6F4051285A3}.Release|Any CPU.Deploy.0 = Release|Any CPU
		{FDBDB5EF-0F6D-4118-8503-E6F4051285A3}.Release|ARM.ActiveCfg = Release|Any CPU
		{FDBDB5EF-0F6D-4118-8503-E6F4051285A3}.Release|ARM.Build.0 = Release|Any CPU
		{FDBDB5EF-0F6D-4118-8503-E6F4051285A3}.Release|ARM.Deploy.0 = Release|Any CPU
		{FDBDB5EF-0F6D-4118-8503-E6F4051285A3}.Release|iPhone.ActiveCfg = Release|Any CPU
		{FDBDB5EF-0F6D-4118-8503-E6F4051285A3}.Release|iPhone.Build.0 = Release|Any CPU
		{FDBDB5EF-0F6D-4118-8503-E6F4051285A3}.Release|iPhone.Deploy.0 = Release|Any CPU
		{FDBDB5EF-0F6D-4118-8503-E6F4051285A3}.Release|iPhoneSimulator.ActiveCfg = Release|Any CPU
		{FDBDB5EF-0F6D-4118-8503-E6F4051285A3}.Release|iPhoneSimulator.Build.0 = Release|Any CPU
		{FDBDB5EF-0F6D-4118-8503-E6F4051285A3}.Release|iPhoneSimulator.Deploy.0 = Release|Any CPU
		{FDBDB5EF-0F6D-4118-8503-E6F4051285A3}.Release|x64.ActiveCfg = Release|Any CPU
		{FDBDB5EF-0F6D-4118-8503-E6F4051285A3}.Release|x64.Build.0 = Release|Any CPU
		{FDBDB5EF-0F6D-4118-8503-E6F4051285A3}.Release|x64.Deploy.0 = Release|Any CPU
		{FDBDB5EF-0F6D-4118-8503-E6F4051285A3}.Release|x86.ActiveCfg = Release|Any CPU
		{FDBDB5EF-0F6D-4118-8503-E6F4051285A3}.Release|x86.Build.0 = Release|Any CPU
		{FDBDB5EF-0F6D-4118-8503-E6F4051285A3}.Release|x86.Deploy.0 = Release|Any CPU
	EndGlobalSection
	GlobalSection(SolutionProperties) = preSolution
		HideSolutionNode = FALSE
	EndGlobalSection
	GlobalSection(ExtensibilityGlobals) = postSolution
		SolutionGuid = {6F8797E8-F0E6-460F-9C59-3AAB7C80B8CB}
	EndGlobalSection
EndGlobal
